<?xml version="1.0" encoding="utf-8"?>
<Project ToolsVersion="4.0" xmlns="http://schemas.microsoft.com/developer/msbuild/2003">
  <ItemGroup>
    <Filter Include="Source Files">
      <UniqueIdentifier>{4FC737F1-C7A5-4376-A066-2A32D752A2FF}</UniqueIdentifier>
      <Extensions>cpp;c;cc;cxx;def;odl;idl;hpj;bat;asm;asmx</Extensions>
    </Filter>
    <Filter Include="Header Files">
      <UniqueIdentifier>{93995380-89BD-4b04-88EB-625FBE52EBFB}</UniqueIdentifier>
      <Extensions>h;hpp;hxx;hm;inl;inc;xsd</Extensions>
    </Filter>
    <Filter Include="Shader">
      <UniqueIdentifier>{67DA6AB6-F800-4c08-8B7A-83BB121AAD01}</UniqueIdentifier>
      <Extensions>rc;ico;cur;bmp;dlg;rc2;rct;bin;rgs;gif;jpg;jpeg;jpe;resx;tiff;tif;png;wav;mfcribbon-ms</Extensions>
    </Filter>
    <Filter Include="Header Files\GameObject">
      <UniqueIdentifier>{ead39e1e-bb04-4144-a24d-4cb6edac2912}</UniqueIdentifier>
    </Filter>
    <Filter Include="Source Files\GameObject">
      <UniqueIdentifier>{3c517128-7683-4441-84e8-df46b762ea09}</UniqueIdentifier>
    </Filter>
    <Filter Include="Header Files\GameObject\Entity">
      <UniqueIdentifier>{987a0c98-28d2-4479-bf75-519bd07d5963}</UniqueIdentifier>
    </Filter>
    <Filter Include="Source Files\GameObject\Entity">
      <UniqueIdentifier>{bb0938b4-43bb-41fd-825f-b03d2daccf56}</UniqueIdentifier>
    </Filter>
    <Filter Include="Header Files\MessageBoard">
      <UniqueIdentifier>{1e384b73-083b-4055-a176-991621f78d7b}</UniqueIdentifier>
    </Filter>
    <Filter Include="Source Files\MessageBoard">
      <UniqueIdentifier>{decf3e93-fb17-4f43-882d-9bc4f7e11695}</UniqueIdentifier>
    </Filter>
    <Filter Include="Header Files\Clock">
      <UniqueIdentifier>{34d584e7-e018-4ce1-95d3-d7d2a5de0954}</UniqueIdentifier>
    </Filter>
    <Filter Include="Source Files\Clock">
      <UniqueIdentifier>{c5e8052b-7480-4128-9975-52f2fb66c0c7}</UniqueIdentifier>
    </Filter>
  </ItemGroup>
  <ItemGroup>
    <ClCompile Include="Source\Application.cpp">
      <Filter>Source Files</Filter>
    </ClCompile>
    <ClCompile Include="Source\main.cpp">
      <Filter>Source Files</Filter>
    </ClCompile>
    <ClCompile Include="Source\shader.cpp">
      <Filter>Source Files</Filter>
    </ClCompile>
    <ClCompile Include="Source\Mesh.cpp">
      <Filter>Source Files</Filter>
    </ClCompile>
    <ClCompile Include="Source\Camera.cpp">
      <Filter>Source Files</Filter>
    </ClCompile>
    <ClCompile Include="Source\MeshBuilder.cpp">
      <Filter>Source Files</Filter>
    </ClCompile>
    <ClCompile Include="Source\Utility.cpp">
      <Filter>Source Files</Filter>
    </ClCompile>
    <ClCompile Include="Source\LoadTGA.cpp">
      <Filter>Source Files</Filter>
    </ClCompile>
    <ClCompile Include="Source\LoadOBJ.cpp">
      <Filter>Source Files</Filter>
    </ClCompile>
    <ClCompile Include="Source\SceneBase.cpp">
      <Filter>Source Files</Filter>
    </ClCompile>
    <ClCompile Include="Source\GameObject\GameObject.cpp">
      <Filter>Source Files\GameObject</Filter>
    </ClCompile>
    <ClCompile Include="Source\GameObject\Entity\DeliveryMan.cpp">
      <Filter>Source Files\GameObject\Entity</Filter>
    </ClCompile>
    <ClCompile Include="Source\GameObject\Entity\Entity.cpp">
      <Filter>Source Files\GameObject\Entity</Filter>
    </ClCompile>
    <ClCompile Include="Source\GameObject\Entity\Machine.cpp">
      <Filter>Source Files\GameObject\Entity</Filter>
    </ClCompile>
    <ClCompile Include="Source\GameObject\Entity\MaintenanceMan.cpp">
      <Filter>Source Files\GameObject\Entity</Filter>
    </ClCompile>
    <ClCompile Include="Source\GameObject\Entity\Robot.cpp">
      <Filter>Source Files\GameObject\Entity</Filter>
    </ClCompile>
    <ClCompile Include="Source\GameObject\Entity\ScrapMan.cpp">
      <Filter>Source Files\GameObject\Entity</Filter>
    </ClCompile>
    <ClCompile Include="Source\GameObject\Entity\Worker.cpp">
      <Filter>Source Files\GameObject\Entity</Filter>
    </ClCompile>
    <ClCompile Include="Source\SceneAI.cpp">
      <Filter>Source Files</Filter>
    </ClCompile>
    <ClCompile Include="Source\GridMap.cpp">
      <Filter>Source Files</Filter>
    </ClCompile>
    <ClCompile Include="Source\GameObject\RobotParts.cpp">
      <Filter>Source Files\GameObject</Filter>
    </ClCompile>
    <ClCompile Include="Source\GameObject\ConveyorBelt.cpp">
      <Filter>Source Files\GameObject</Filter>
    </ClCompile>
    <ClCompile Include="Source\MeshList.cpp">
      <Filter>Source Files</Filter>
    </ClCompile>
    <ClCompile Include="Source\SharedData.cpp">
      <Filter>Source Files</Filter>
    </ClCompile>
    <ClCompile Include="Source\GameObject\Entity\Pathfinder.cpp">
      <Filter>Source Files\GameObject\Entity</Filter>
    </ClCompile>
    <ClCompile Include="Source\GameObject\Workstation.cpp">
      <Filter>Source Files\GameObject</Filter>
    </ClCompile>
    <ClCompile Include="Source\GameObject\Toilet.cpp">
      <Filter>Source Files\GameObject</Filter>
    </ClCompile>
    <ClCompile Include="Source\GameObject\BuildingBlockStack.cpp">
      <Filter>Source Files\GameObject</Filter>
    </ClCompile>
    <ClCompile Include="Source\GameObject\Ornament.cpp">
      <Filter>Source Files\GameObject</Filter>
    </ClCompile>
    <ClCompile Include="Source\GameObject\DeliveryTruck.cpp">
      <Filter>Source Files\GameObject</Filter>
    </ClCompile>
    <ClCompile Include="Source\GameObject\ScrapPile.cpp">
      <Filter>Source Files\GameObject</Filter>
    </ClCompile>
    <ClCompile Include="Source\GameObject\OrnamentBuildingSystem.cpp">
      <Filter>Source Files\GameObject</Filter>
    </ClCompile>
    <ClCompile Include="Source\MessageBoard\Message.cpp">
      <Filter>Source Files\MessageBoard</Filter>
    </ClCompile>
    <ClCompile Include="Source\MessageBoard\MessageBoard.cpp">
      <Filter>Source Files\MessageBoard</Filter>
    </ClCompile>
    <ClCompile Include="Source\Clock\Clock.cpp">
      <Filter>Source Files\Clock</Filter>
    </ClCompile>
    <ClCompile Include="Source\Clock\Time.cpp">
      <Filter>Source Files\Clock</Filter>
    </ClCompile>
    <ClCompile Include="Source\GameObject\Door.cpp">
      <Filter>Source Files\GameObject</Filter>
    </ClCompile>
  </ItemGroup>
  <ItemGroup>
    <ClInclude Include="Source\Application.h">
      <Filter>Header Files</Filter>
    </ClInclude>
    <ClInclude Include="Source\Scene.h">
      <Filter>Header Files</Filter>
    </ClInclude>
    <ClInclude Include="Source\shader.hpp">
      <Filter>Header Files</Filter>
    </ClInclude>
    <ClInclude Include="Source\Camera.h">
      <Filter>Header Files</Filter>
    </ClInclude>
    <ClInclude Include="Source\Mesh.h">
      <Filter>Header Files</Filter>
    </ClInclude>
    <ClInclude Include="Source\Vertex.h">
      <Filter>Header Files</Filter>
    </ClInclude>
    <ClInclude Include="Source\MeshBuilder.h">
      <Filter>Header Files</Filter>
    </ClInclude>
    <ClInclude Include="Source\Light.h">
      <Filter>Header Files</Filter>
    </ClInclude>
    <ClInclude Include="Source\Utility.h">
      <Filter>Header Files</Filter>
    </ClInclude>
    <ClInclude Include="Source\Material.h">
      <Filter>Header Files</Filter>
    </ClInclude>
    <ClInclude Include="Source\LoadTGA.h">
      <Filter>Header Files</Filter>
    </ClInclude>
    <ClInclude Include="Source\LoadOBJ.h">
      <Filter>Header Files</Filter>
    </ClInclude>
    <ClInclude Include="Source\SceneBase.h">
      <Filter>Header Files</Filter>
    </ClInclude>
    <ClInclude Include="Source\GameObject\GameObject.h">
      <Filter>Header Files\GameObject</Filter>
    </ClInclude>
    <ClInclude Include="Source\GameObject\Workstation.h">
      <Filter>Header Files\GameObject</Filter>
    </ClInclude>
    <ClInclude Include="Source\GameObject\Entity\DeliveryMan.h">
      <Filter>Header Files\GameObject\Entity</Filter>
    </ClInclude>
    <ClInclude Include="Source\GameObject\Entity\Entity.h">
      <Filter>Header Files\GameObject\Entity</Filter>
    </ClInclude>
    <ClInclude Include="Source\GameObject\Entity\Machine.h">
      <Filter>Header Files\GameObject\Entity</Filter>
    </ClInclude>
    <ClInclude Include="Source\GameObject\Entity\MaintenanceMan.h">
      <Filter>Header Files\GameObject\Entity</Filter>
    </ClInclude>
    <ClInclude Include="Source\GameObject\Entity\Robot.h">
      <Filter>Header Files\GameObject\Entity</Filter>
    </ClInclude>
    <ClInclude Include="Source\GameObject\Entity\ScrapMan.h">
      <Filter>Header Files\GameObject\Entity</Filter>
    </ClInclude>
    <ClInclude Include="Source\GameObject\Entity\Worker.h">
      <Filter>Header Files\GameObject\Entity</Filter>
    </ClInclude>
    <ClInclude Include="Source\SceneAI.h">
      <Filter>Header Files</Filter>
    </ClInclude>
    <ClInclude Include="Source\GridMap.h">
      <Filter>Header Files</Filter>
    </ClInclude>
    <ClInclude Include="Source\GameObject\ConveyorBelt.h">
      <Filter>Header Files\GameObject</Filter>
    </ClInclude>
    <ClInclude Include="Source\GameObject\RobotParts.h">
      <Filter>Header Files\GameObject</Filter>
    </ClInclude>
    <ClInclude Include="Source\SharedData.h">
      <Filter>Header Files</Filter>
    </ClInclude>
    <ClInclude Include="Source\MeshList.h">
      <Filter>Header Files</Filter>
    </ClInclude>
    <ClInclude Include="Source\GameObject\Toilet.h">
      <Filter>Header Files\GameObject</Filter>
    </ClInclude>
    <ClInclude Include="Source\GameObject\Entity\Pathfinder.h">
      <Filter>Header Files\GameObject\Entity</Filter>
    </ClInclude>
    <ClInclude Include="Source\GameObject\BuildingBlockStack.h">
      <Filter>Header Files\GameObject</Filter>
    </ClInclude>
    <ClInclude Include="Source\GameObject\Ornament.h">
      <Filter>Header Files\GameObject</Filter>
    </ClInclude>
    <ClInclude Include="Source\GameObject\DeliveryTruck.h">
      <Filter>Header Files\GameObject</Filter>
    </ClInclude>
    <ClInclude Include="Source\GameObject\ScrapPile.h">
      <Filter>Header Files\GameObject</Filter>
    </ClInclude>
    <ClInclude Include="Source\GameObject\OrnamentBuildingSystem.h">
      <Filter>Header Files\GameObject</Filter>
    </ClInclude>
    <ClInclude Include="Source\MessageBoard\MessageBoard.h">
      <Filter>Header Files\MessageBoard</Filter>
    </ClInclude>
    <ClInclude Include="Source\MessageBoard\Message.h">
      <Filter>Header Files\MessageBoard</Filter>
    </ClInclude>
    <ClInclude Include="Source\Clock\Clock.h">
      <Filter>Header Files\Clock</Filter>
    </ClInclude>
    <ClInclude Include="Source\Clock\Time.h">
      <Filter>Header Files\Clock</Filter>
    </ClInclude>
    <ClInclude Include="Source\GameObject\Entity\Direction.h">
      <Filter>Header Files\GameObject\Entity</Filter>
    </ClInclude>
    <ClInclude Include="Source\GameObject\Door.h">
      <Filter>Header Files\GameObject</Filter>
    </ClInclude>
  </ItemGroup>
</Project>